
Microsoft Visual Studio Solution File, Format Version 12.00
# Visual Studio Version 17
VisualStudioVersion = 17.8.34330.188
MinimumVisualStudioVersion = 10.0.40219.1
Project("{FAE04EC0-301F-11D3-BF4B-00C04F79EFBC}") = "CursoForms", "CursoForms\CursoForms.csproj", "{60344510-8786-47D8-9A31-FE87FABBF50A}"
EndProject
Global
	GlobalSection(SolutionConfigurationPlatforms) = preSolution
		Debug|Any CPU = Debug|Any CPU
		Release|Any CPU = Release|Any CPU
	EndGlobalSection
	GlobalSection(ProjectConfigurationPlatforms) = postSolution
		{60344510-8786-47D8-9A31-FE87FABBF50A}.Debug|Any CPU.ActiveCfg = Debug|Any CPU
		{60344510-8786-47D8-9A31-FE87FABBF50A}.Debug|Any CPU.Build.0 = Debug|Any CPU
		{60344510-8786-47D8-9A31-FE87FABBF50A}.Release|Any CPU.ActiveCfg = Release|Any CPU
		{60344510-8786-47D8-9A31-FE87FABBF50A}.Release|Any CPU.Build.0 = Release|Any CPU
	EndGlobalSection
	GlobalSection(SolutionProperties) = preSolution
		HideSolutionNode = FALSE
	EndGlobalSection
	GlobalSection(ExtensibilityGlobals) = postSolution
		SolutionGuid = {3608D2D8-3C3F-41FF-9D3E-B362709DCD68}
	EndGlobalSection
EndGlobal
